{
  "name": "program-truth",
  "version": "0.2.1",
  "lockfileVersion": 3,
  "requires": true,
  "packages": {
    "": {
      "name": "program-truth",
      "version": "0.2.1",
      "license": "MIT",
      "bin": {
        "program-truth": "bin/program-truth.js"
      },
      "engines": {
        "node": ">=22"
      }
    }
  }
}
